
Microsoft Visual Studio Solution File, Format Version 12.00
# Visual Studio Version 17
VisualStudioVersion = 17.1.32210.238
MinimumVisualStudioVersion = 10.0.40219.1
Project("{FAE04EC0-301F-11D3-BF4B-00C04F79EFBC}") = "Bukola_Assignment", "Bukola_Assignment.csproj", "{EC207376-5701-40BE-820E-2C43CD3C13F4}"
EndProject
Global
	GlobalSection(SolutionConfigurationPlatforms) = preSolution
		Debug|Any CPU = Debug|Any CPU
		Release|Any CPU = Release|Any CPU
	EndGlobalSection
	GlobalSection(ProjectConfigurationPlatforms) = postSolution
		{EC207376-5701-40BE-820E-2C43CD3C13F4}.Debug|Any CPU.ActiveCfg = Debug|Any CPU
		{EC207376-5701-40BE-820E-2C43CD3C13F4}.Debug|Any CPU.Build.0 = Debug|Any CPU
		{EC207376-5701-40BE-820E-2C43CD3C13F4}.Release|Any CPU.ActiveCfg = Release|Any CPU
		{EC207376-5701-40BE-820E-2C43CD3C13F4}.Release|Any CPU.Build.0 = Release|Any CPU
	EndGlobalSection
	GlobalSection(SolutionProperties) = preSolution
		HideSolutionNode = FALSE
	EndGlobalSection
	GlobalSection(ExtensibilityGlobals) = postSolution
		SolutionGuid = {8473631C-1CE4-4D64-84E0-E64D03381057}
	EndGlobalSection
EndGlobal
